
Microsoft Visual Studio Solution File, Format Version 12.00
# Visual Studio 2013
VisualStudioVersion = 12.0.21005.1
MinimumVisualStudioVersion = 10.0.40219.1
Project("{FAE04EC0-301F-11D3-BF4B-00C04F79EFBC}") = "BreakJunctionsExperiment", "BreakJunctionsExperiment\BreakJunctionsExperiment.csproj", "{40D47A18-2082-491F-92BA-199B3C027560}"
EndProject
Project("{2150E333-8FDC-42A3-9474-1A3956D46DE8}") = "Drivers", "Drivers", "{DD09C579-2A6E-4661-809B-686FDD7DDEF0}"
EndProject
Project("{FAE04EC0-301F-11D3-BF4B-00C04F79EFBC}") = "Devices", "Devices\Devices.csproj", "{AE52526E-D660-426E-A2EC-1A475B02AA9E}"
EndProject
Project("{FAE04EC0-301F-11D3-BF4B-00C04F79EFBC}") = "FaulhaberMinimotors", "FaulhaberMinimotors\FaulhaberMinimotors.csproj", "{DD0FD2E2-F6C7-4694-A4FA-9897786FFF56}"
EndProject
Project("{2150E333-8FDC-42A3-9474-1A3956D46DE8}") = "Keithley Systems", "Keithley Systems", "{A775C2AD-15B5-4CE9-ADB6-F8CC0B9F89BD}"
EndProject
Project("{2150E333-8FDC-42A3-9474-1A3956D46DE8}") = "Hewlett Packard Systems", "Hewlett Packard Systems", "{01EDC570-EC9F-49BA-B7E2-3ABAF4361FC9}"
EndProject
Project("{2150E333-8FDC-42A3-9474-1A3956D46DE8}") = "SMU", "SMU", "{AB034273-BFB7-4C65-A294-3DDE74D73FD3}"
EndProject
Project("{FAE04EC0-301F-11D3-BF4B-00C04F79EFBC}") = "Keithley_2602A", "Keithley_2602A\Keithley_2602A.csproj", "{F98764A2-E410-4B56-8690-DB03DA26373B}"
EndProject
Project("{2150E333-8FDC-42A3-9474-1A3956D46DE8}") = "Dynamic Signal Analyzers", "Dynamic Signal Analyzers", "{D01A604C-D09B-44C7-90EB-D845184ED1A2}"
EndProject
Project("{FAE04EC0-301F-11D3-BF4B-00C04F79EFBC}") = "HP_35670A", "HP_35670A\HP_35670A.csproj", "{8664B9C3-B476-4BF6-A7B1-D90E8F9A79BC}"
EndProject
Project("{2150E333-8FDC-42A3-9474-1A3956D46DE8}") = "Motion Realization", "Motion Realization", "{002DE4A7-618A-427C-BC55-83E0470257A5}"
EndProject
Project("{2150E333-8FDC-42A3-9474-1A3956D46DE8}") = "Simultaneous Data Acquisition", "Simultaneous Data Acquisition", "{D50AA62B-BB8C-42D7-931D-67670AC5ADDE}"
EndProject
Project("{FAE04EC0-301F-11D3-BF4B-00C04F79EFBC}") = "Agilent_U2542A_With_ExtensionBox", "Agilent_U2542A_With_ExtensionBox\Agilent_U2542A_With_ExtensionBox.csproj", "{ADDCCB27-7DF4-40F2-AFC7-344B300363B1}"
EndProject
Project("{FAE04EC0-301F-11D3-BF4B-00C04F79EFBC}") = "Keithley_2400", "Keithley_2400\Keithley_2400.csproj", "{5B17E426-CBA0-47B9-B255-56E7D344356D}"
EndProject
Project("{FAE04EC0-301F-11D3-BF4B-00C04F79EFBC}") = "KeithleyTest", "KeithleyTest\KeithleyTest.csproj", "{142BE6CC-5625-4336-A7DF-6D24F40FBDDA}"
EndProject
Project("{2150E333-8FDC-42A3-9474-1A3956D46DE8}") = "Math", "Math", "{E5D4B72E-7F45-4DA5-813A-A16B2163259A}"
EndProject
Project("{FAE04EC0-301F-11D3-BF4B-00C04F79EFBC}") = "ForierTransformProvider", "ForierTransformProvider\ForierTransformProvider.csproj", "{FC527D1E-AA07-411B-8BA6-881D213C2879}"
EndProject
Global
	GlobalSection(SolutionConfigurationPlatforms) = preSolution
		Debug|Any CPU = Debug|Any CPU
		Debug|Mixed Platforms = Debug|Mixed Platforms
		Debug|Win32 = Debug|Win32
		Debug|x64 = Debug|x64
		Debug|x86 = Debug|x86
		Release|Any CPU = Release|Any CPU
		Release|Mixed Platforms = Release|Mixed Platforms
		Release|Win32 = Release|Win32
		Release|x64 = Release|x64
		Release|x86 = Release|x86
	EndGlobalSection
	GlobalSection(ProjectConfigurationPlatforms) = postSolution
		{40D47A18-2082-491F-92BA-199B3C027560}.Debug|Any CPU.ActiveCfg = Debug|x86
		{40D47A18-2082-491F-92BA-199B3C027560}.Debug|Mixed Platforms.ActiveCfg = Debug|x86
		{40D47A18-2082-491F-92BA-199B3C027560}.Debug|Mixed Platforms.Build.0 = Debug|x86
		{40D47A18-2082-491F-92BA-199B3C027560}.Debug|Win32.ActiveCfg = Debug|x86
		{40D47A18-2082-491F-92BA-199B3C027560}.Debug|Win32.Build.0 = Debug|x86
		{40D47A18-2082-491F-92BA-199B3C027560}.Debug|x64.ActiveCfg = Release|x86
		{40D47A18-2082-491F-92BA-199B3C027560}.Debug|x64.Build.0 = Release|x86
		{40D47A18-2082-491F-92BA-199B3C027560}.Debug|x86.ActiveCfg = Debug|x86
		{40D47A18-2082-491F-92BA-199B3C027560}.Debug|x86.Build.0 = Debug|x86
		{40D47A18-2082-491F-92BA-199B3C027560}.Release|Any CPU.ActiveCfg = Release|x86
		{40D47A18-2082-491F-92BA-199B3C027560}.Release|Mixed Platforms.ActiveCfg = Release|x86
		{40D47A18-2082-491F-92BA-199B3C027560}.Release|Mixed Platforms.Build.0 = Release|x86
		{40D47A18-2082-491F-92BA-199B3C027560}.Release|Win32.ActiveCfg = Release|x86
		{40D47A18-2082-491F-92BA-199B3C027560}.Release|Win32.Build.0 = Release|x86
		{40D47A18-2082-491F-92BA-199B3C027560}.Release|x64.ActiveCfg = Release|x64
		{40D47A18-2082-491F-92BA-199B3C027560}.Release|x64.Build.0 = Release|x64
		{40D47A18-2082-491F-92BA-199B3C027560}.Release|x86.ActiveCfg = Release|x86
		{40D47A18-2082-491F-92BA-199B3C027560}.Release|x86.Build.0 = Release|x86
		{AE52526E-D660-426E-A2EC-1A475B02AA9E}.Debug|Any CPU.ActiveCfg = Debug|Any CPU
		{AE52526E-D660-426E-A2EC-1A475B02AA9E}.Debug|Any CPU.Build.0 = Debug|Any CPU
		{AE52526E-D660-426E-A2EC-1A475B02AA9E}.Debug|Mixed Platforms.ActiveCfg = Debug|Any CPU
		{AE52526E-D660-426E-A2EC-1A475B02AA9E}.Debug|Mixed Platforms.Build.0 = Debug|Any CPU
		{AE52526E-D660-426E-A2EC-1A475B02AA9E}.Debug|Win32.ActiveCfg = Debug|x86
		{AE52526E-D660-426E-A2EC-1A475B02AA9E}.Debug|Win32.Build.0 = Debug|x86
		{AE52526E-D660-426E-A2EC-1A475B02AA9E}.Debug|x64.ActiveCfg = Release|x86
		{AE52526E-D660-426E-A2EC-1A475B02AA9E}.Debug|x86.ActiveCfg = Debug|Any CPU
		{AE52526E-D660-426E-A2EC-1A475B02AA9E}.Debug|x86.Build.0 = Debug|Any CPU
		{AE52526E-D660-426E-A2EC-1A475B02AA9E}.Release|Any CPU.ActiveCfg = Release|Any CPU
		{AE52526E-D660-426E-A2EC-1A475B02AA9E}.Release|Any CPU.Build.0 = Release|Any CPU
		{AE52526E-D660-426E-A2EC-1A475B02AA9E}.Release|Mixed Platforms.ActiveCfg = Release|Any CPU
		{AE52526E-D660-426E-A2EC-1A475B02AA9E}.Release|Mixed Platforms.Build.0 = Release|Any CPU
		{AE52526E-D660-426E-A2EC-1A475B02AA9E}.Release|Win32.ActiveCfg = Release|x86
		{AE52526E-D660-426E-A2EC-1A475B02AA9E}.Release|Win32.Build.0 = Release|x86
		{AE52526E-D660-426E-A2EC-1A475B02AA9E}.Release|x64.ActiveCfg = Release|x64
		{AE52526E-D660-426E-A2EC-1A475B02AA9E}.Release|x64.Build.0 = Release|x64
		{AE52526E-D660-426E-A2EC-1A475B02AA9E}.Release|x86.ActiveCfg = Release|Any CPU
		{AE52526E-D660-426E-A2EC-1A475B02AA9E}.Release|x86.Build.0 = Release|Any CPU
		{DD0FD2E2-F6C7-4694-A4FA-9897786FFF56}.Debug|Any CPU.ActiveCfg = Debug|Any CPU
		{DD0FD2E2-F6C7-4694-A4FA-9897786FFF56}.Debug|Any CPU.Build.0 = Debug|Any CPU
		{DD0FD2E2-F6C7-4694-A4FA-9897786FFF56}.Debug|Mixed Platforms.ActiveCfg = Debug|Any CPU
		{DD0FD2E2-F6C7-4694-A4FA-9897786FFF56}.Debug|Mixed Platforms.Build.0 = Debug|Any CPU
		{DD0FD2E2-F6C7-4694-A4FA-9897786FFF56}.Debug|Win32.ActiveCfg = Debug|x86
		{DD0FD2E2-F6C7-4694-A4FA-9897786FFF56}.Debug|Win32.Build.0 = Debug|x86
		{DD0FD2E2-F6C7-4694-A4FA-9897786FFF56}.Debug|x64.ActiveCfg = Release|x86
		{DD0FD2E2-F6C7-4694-A4FA-9897786FFF56}.Debug|x86.ActiveCfg = Debug|Any CPU
		{DD0FD2E2-F6C7-4694-A4FA-9897786FFF56}.Debug|x86.Build.0 = Debug|Any CPU
		{DD0FD2E2-F6C7-4694-A4FA-9897786FFF56}.Release|Any CPU.ActiveCfg = Release|Any CPU
		{DD0FD2E2-F6C7-4694-A4FA-9897786FFF56}.Release|Any CPU.Build.0 = Release|Any CPU
		{DD0FD2E2-F6C7-4694-A4FA-9897786FFF56}.Release|Mixed Platforms.ActiveCfg = Release|Any CPU
		{DD0FD2E2-F6C7-4694-A4FA-9897786FFF56}.Release|Mixed Platforms.Build.0 = Release|Any CPU
		{DD0FD2E2-F6C7-4694-A4FA-9897786FFF56}.Release|Win32.ActiveCfg = Release|x86
		{DD0FD2E2-F6C7-4694-A4FA-9897786FFF56}.Release|Win32.Build.0 = Release|x86
		{DD0FD2E2-F6C7-4694-A4FA-9897786FFF56}.Release|x64.ActiveCfg = Release|x64
		{DD0FD2E2-F6C7-4694-A4FA-9897786FFF56}.Release|x64.Build.0 = Release|x64
		{DD0FD2E2-F6C7-4694-A4FA-9897786FFF56}.Release|x86.ActiveCfg = Release|Any CPU
		{DD0FD2E2-F6C7-4694-A4FA-9897786FFF56}.Release|x86.Build.0 = Release|Any CPU
		{F98764A2-E410-4B56-8690-DB03DA26373B}.Debug|Any CPU.ActiveCfg = Debug|Any CPU
		{F98764A2-E410-4B56-8690-DB03DA26373B}.Debug|Any CPU.Build.0 = Debug|Any CPU
		{F98764A2-E410-4B56-8690-DB03DA26373B}.Debug|Mixed Platforms.ActiveCfg = Debug|Any CPU
		{F98764A2-E410-4B56-8690-DB03DA26373B}.Debug|Mixed Platforms.Build.0 = Debug|Any CPU
		{F98764A2-E410-4B56-8690-DB03DA26373B}.Debug|Win32.ActiveCfg = Debug|x86
		{F98764A2-E410-4B56-8690-DB03DA26373B}.Debug|Win32.Build.0 = Debug|x86
		{F98764A2-E410-4B56-8690-DB03DA26373B}.Debug|x64.ActiveCfg = Release|x86
		{F98764A2-E410-4B56-8690-DB03DA26373B}.Debug|x86.ActiveCfg = Debug|Any CPU
		{F98764A2-E410-4B56-8690-DB03DA26373B}.Debug|x86.Build.0 = Debug|Any CPU
		{F98764A2-E410-4B56-8690-DB03DA26373B}.Release|Any CPU.ActiveCfg = Release|Any CPU
		{F98764A2-E410-4B56-8690-DB03DA26373B}.Release|Any CPU.Build.0 = Release|Any CPU
		{F98764A2-E410-4B56-8690-DB03DA26373B}.Release|Mixed Platforms.ActiveCfg = Release|Any CPU
		{F98764A2-E410-4B56-8690-DB03DA26373B}.Release|Mixed Platforms.Build.0 = Release|Any CPU
		{F98764A2-E410-4B56-8690-DB03DA26373B}.Release|Win32.ActiveCfg = Release|x86
		{F98764A2-E410-4B56-8690-DB03DA26373B}.Release|Win32.Build.0 = Release|x86
		{F98764A2-E410-4B56-8690-DB03DA26373B}.Release|x64.ActiveCfg = Release|x64
		{F98764A2-E410-4B56-8690-DB03DA26373B}.Release|x64.Build.0 = Release|x64
		{F98764A2-E410-4B56-8690-DB03DA26373B}.Release|x86.ActiveCfg = Release|Any CPU
		{F98764A2-E410-4B56-8690-DB03DA26373B}.Release|x86.Build.0 = Release|Any CPU
		{8664B9C3-B476-4BF6-A7B1-D90E8F9A79BC}.Debug|Any CPU.ActiveCfg = Debug|Any CPU
		{8664B9C3-B476-4BF6-A7B1-D90E8F9A79BC}.Debug|Any CPU.Build.0 = Debug|Any CPU
		{8664B9C3-B476-4BF6-A7B1-D90E8F9A79BC}.Debug|Mixed Platforms.ActiveCfg = Debug|Any CPU
		{8664B9C3-B476-4BF6-A7B1-D90E8F9A79BC}.Debug|Mixed Platforms.Build.0 = Debug|Any CPU
		{8664B9C3-B476-4BF6-A7B1-D90E8F9A79BC}.Debug|Win32.ActiveCfg = Debug|x86
		{8664B9C3-B476-4BF6-A7B1-D90E8F9A79BC}.Debug|Win32.Build.0 = Debug|x86
		{8664B9C3-B476-4BF6-A7B1-D90E8F9A79BC}.Debug|x64.ActiveCfg = Release|x86
		{8664B9C3-B476-4BF6-A7B1-D90E8F9A79BC}.Debug|x86.ActiveCfg = Debug|Any CPU
		{8664B9C3-B476-4BF6-A7B1-D90E8F9A79BC}.Debug|x86.Build.0 = Debug|Any CPU
		{8664B9C3-B476-4BF6-A7B1-D90E8F9A79BC}.Release|Any CPU.ActiveCfg = Release|Any CPU
		{8664B9C3-B476-4BF6-A7B1-D90E8F9A79BC}.Release|Any CPU.Build.0 = Release|Any CPU
		{8664B9C3-B476-4BF6-A7B1-D90E8F9A79BC}.Release|Mixed Platforms.ActiveCfg = Release|Any CPU
		{8664B9C3-B476-4BF6-A7B1-D90E8F9A79BC}.Release|Mixed Platforms.Build.0 = Release|Any CPU
		{8664B9C3-B476-4BF6-A7B1-D90E8F9A79BC}.Release|Win32.ActiveCfg = Release|x86
		{8664B9C3-B476-4BF6-A7B1-D90E8F9A79BC}.Release|Win32.Build.0 = Release|x86
		{8664B9C3-B476-4BF6-A7B1-D90E8F9A79BC}.Release|x64.ActiveCfg = Release|x64
		{8664B9C3-B476-4BF6-A7B1-D90E8F9A79BC}.Release|x64.Build.0 = Release|x64
		{8664B9C3-B476-4BF6-A7B1-D90E8F9A79BC}.Release|x86.ActiveCfg = Release|Any CPU
		{8664B9C3-B476-4BF6-A7B1-D90E8F9A79BC}.Release|x86.Build.0 = Release|Any CPU
		{ADDCCB27-7DF4-40F2-AFC7-344B300363B1}.Debug|Any CPU.ActiveCfg = Debug|Any CPU
		{ADDCCB27-7DF4-40F2-AFC7-344B300363B1}.Debug|Any CPU.Build.0 = Debug|Any CPU
		{ADDCCB27-7DF4-40F2-AFC7-344B300363B1}.Debug|Mixed Platforms.ActiveCfg = Debug|Any CPU
		{ADDCCB27-7DF4-40F2-AFC7-344B300363B1}.Debug|Mixed Platforms.Build.0 = Debug|Any CPU
		{ADDCCB27-7DF4-40F2-AFC7-344B300363B1}.Debug|Win32.ActiveCfg = Debug|x86
		{ADDCCB27-7DF4-40F2-AFC7-344B300363B1}.Debug|Win32.Build.0 = Debug|x86
		{ADDCCB27-7DF4-40F2-AFC7-344B300363B1}.Debug|x64.ActiveCfg = Release|x86
		{ADDCCB27-7DF4-40F2-AFC7-344B300363B1}.Debug|x86.ActiveCfg = Debug|Any CPU
		{ADDCCB27-7DF4-40F2-AFC7-344B300363B1}.Debug|x86.Build.0 = Debug|Any CPU
		{ADDCCB27-7DF4-40F2-AFC7-344B300363B1}.Release|Any CPU.ActiveCfg = Release|Any CPU
		{ADDCCB27-7DF4-40F2-AFC7-344B300363B1}.Release|Any CPU.Build.0 = Release|Any CPU
		{ADDCCB27-7DF4-40F2-AFC7-344B300363B1}.Release|Mixed Platforms.ActiveCfg = Release|Any CPU
		{ADDCCB27-7DF4-40F2-AFC7-344B300363B1}.Release|Mixed Platforms.Build.0 = Release|Any CPU
		{ADDCCB27-7DF4-40F2-AFC7-344B300363B1}.Release|Win32.ActiveCfg = Release|x86
		{ADDCCB27-7DF4-40F2-AFC7-344B300363B1}.Release|Win32.Build.0 = Release|x86
		{ADDCCB27-7DF4-40F2-AFC7-344B300363B1}.Release|x64.ActiveCfg = Release|x64
		{ADDCCB27-7DF4-40F2-AFC7-344B300363B1}.Release|x64.Build.0 = Release|x64
		{ADDCCB27-7DF4-40F2-AFC7-344B300363B1}.Release|x86.ActiveCfg = Release|Any CPU
		{ADDCCB27-7DF4-40F2-AFC7-344B300363B1}.Release|x86.Build.0 = Release|Any CPU
		{5B17E426-CBA0-47B9-B255-56E7D344356D}.Debug|Any CPU.ActiveCfg = Debug|Any CPU
		{5B17E426-CBA0-47B9-B255-56E7D344356D}.Debug|Any CPU.Build.0 = Debug|Any CPU
		{5B17E426-CBA0-47B9-B255-56E7D344356D}.Debug|Mixed Platforms.ActiveCfg = Debug|Any CPU
		{5B17E426-CBA0-47B9-B255-56E7D344356D}.Debug|Mixed Platforms.Build.0 = Debug|Any CPU
		{5B17E426-CBA0-47B9-B255-56E7D344356D}.Debug|Win32.ActiveCfg = Debug|Any CPU
		{5B17E426-CBA0-47B9-B255-56E7D344356D}.Debug|x64.ActiveCfg = Debug|Any CPU
		{5B17E426-CBA0-47B9-B255-56E7D344356D}.Debug|x86.ActiveCfg = Debug|Any CPU
		{5B17E426-CBA0-47B9-B255-56E7D344356D}.Release|Any CPU.ActiveCfg = Release|Any CPU
		{5B17E426-CBA0-47B9-B255-56E7D344356D}.Release|Any CPU.Build.0 = Release|Any CPU
		{5B17E426-CBA0-47B9-B255-56E7D344356D}.Release|Mixed Platforms.ActiveCfg = Release|Any CPU
		{5B17E426-CBA0-47B9-B255-56E7D344356D}.Release|Mixed Platforms.Build.0 = Release|Any CPU
		{5B17E426-CBA0-47B9-B255-56E7D344356D}.Release|Win32.ActiveCfg = Release|Any CPU
		{5B17E426-CBA0-47B9-B255-56E7D344356D}.Release|x64.ActiveCfg = Release|Any CPU
		{5B17E426-CBA0-47B9-B255-56E7D344356D}.Release|x86.ActiveCfg = Release|Any CPU
		{142BE6CC-5625-4336-A7DF-6D24F40FBDDA}.Debug|Any CPU.ActiveCfg = Debug|Any CPU
		{142BE6CC-5625-4336-A7DF-6D24F40FBDDA}.Debug|Any CPU.Build.0 = Debug|Any CPU
		{142BE6CC-5625-4336-A7DF-6D24F40FBDDA}.Debug|Mixed Platforms.ActiveCfg = Debug|Any CPU
		{142BE6CC-5625-4336-A7DF-6D24F40FBDDA}.Debug|Mixed Platforms.Build.0 = Debug|Any CPU
		{142BE6CC-5625-4336-A7DF-6D24F40FBDDA}.Debug|Win32.ActiveCfg = Debug|Any CPU
		{142BE6CC-5625-4336-A7DF-6D24F40FBDDA}.Debug|x64.ActiveCfg = Debug|Any CPU
		{142BE6CC-5625-4336-A7DF-6D24F40FBDDA}.Debug|x86.ActiveCfg = Debug|Any CPU
		{142BE6CC-5625-4336-A7DF-6D24F40FBDDA}.Release|Any CPU.ActiveCfg = Release|Any CPU
		{142BE6CC-5625-4336-A7DF-6D24F40FBDDA}.Release|Any CPU.Build.0 = Release|Any CPU
		{142BE6CC-5625-4336-A7DF-6D24F40FBDDA}.Release|Mixed Platforms.ActiveCfg = Release|Any CPU
		{142BE6CC-5625-4336-A7DF-6D24F40FBDDA}.Release|Mixed Platforms.Build.0 = Release|Any CPU
		{142BE6CC-5625-4336-A7DF-6D24F40FBDDA}.Release|Win32.ActiveCfg = Release|Any CPU
		{142BE6CC-5625-4336-A7DF-6D24F40FBDDA}.Release|x64.ActiveCfg = Release|Any CPU
		{142BE6CC-5625-4336-A7DF-6D24F40FBDDA}.Release|x86.ActiveCfg = Release|Any CPU
		{FC527D1E-AA07-411B-8BA6-881D213C2879}.Debug|Any CPU.ActiveCfg = Debug|Any CPU
		{FC527D1E-AA07-411B-8BA6-881D213C2879}.Debug|Any CPU.Build.0 = Debug|Any CPU
		{FC527D1E-AA07-411B-8BA6-881D213C2879}.Debug|Mixed Platforms.ActiveCfg = Debug|Any CPU
		{FC527D1E-AA07-411B-8BA6-881D213C2879}.Debug|Win32.ActiveCfg = Debug|Any CPU
		{FC527D1E-AA07-411B-8BA6-881D213C2879}.Debug|x64.ActiveCfg = Debug|Any CPU
		{FC527D1E-AA07-411B-8BA6-881D213C2879}.Debug|x86.ActiveCfg = Debug|Any CPU
		{FC527D1E-AA07-411B-8BA6-881D213C2879}.Release|Any CPU.ActiveCfg = Release|Any CPU
		{FC527D1E-AA07-411B-8BA6-881D213C2879}.Release|Any CPU.Build.0 = Release|Any CPU
		{FC527D1E-AA07-411B-8BA6-881D213C2879}.Release|Mixed Platforms.ActiveCfg = Release|Any CPU
		{FC527D1E-AA07-411B-8BA6-881D213C2879}.Release|Mixed Platforms.Build.0 = Release|Any CPU
		{FC527D1E-AA07-411B-8BA6-881D213C2879}.Release|Win32.ActiveCfg = Release|Any CPU
		{FC527D1E-AA07-411B-8BA6-881D213C2879}.Release|x64.ActiveCfg = Release|Any CPU
		{FC527D1E-AA07-411B-8BA6-881D213C2879}.Release|x86.ActiveCfg = Release|Any CPU
		{FC527D1E-AA07-411B-8BA6-881D213C2879}.Release|x86.Build.0 = Release|Any CPU
	EndGlobalSection
	GlobalSection(SolutionProperties) = preSolution
		HideSolutionNode = FALSE
	EndGlobalSection
	GlobalSection(NestedProjects) = preSolution
		{AE52526E-D660-426E-A2EC-1A475B02AA9E} = {DD09C579-2A6E-4661-809B-686FDD7DDEF0}
		{002DE4A7-618A-427C-BC55-83E0470257A5} = {DD09C579-2A6E-4661-809B-686FDD7DDEF0}
		{A775C2AD-15B5-4CE9-ADB6-F8CC0B9F89BD} = {DD09C579-2A6E-4661-809B-686FDD7DDEF0}
		{01EDC570-EC9F-49BA-B7E2-3ABAF4361FC9} = {DD09C579-2A6E-4661-809B-686FDD7DDEF0}
		{DD0FD2E2-F6C7-4694-A4FA-9897786FFF56} = {002DE4A7-618A-427C-BC55-83E0470257A5}
		{AB034273-BFB7-4C65-A294-3DDE74D73FD3} = {A775C2AD-15B5-4CE9-ADB6-F8CC0B9F89BD}
		{D01A604C-D09B-44C7-90EB-D845184ED1A2} = {01EDC570-EC9F-49BA-B7E2-3ABAF4361FC9}
		{D50AA62B-BB8C-42D7-931D-67670AC5ADDE} = {01EDC570-EC9F-49BA-B7E2-3ABAF4361FC9}
		{F98764A2-E410-4B56-8690-DB03DA26373B} = {AB034273-BFB7-4C65-A294-3DDE74D73FD3}
		{5B17E426-CBA0-47B9-B255-56E7D344356D} = {AB034273-BFB7-4C65-A294-3DDE74D73FD3}
		{142BE6CC-5625-4336-A7DF-6D24F40FBDDA} = {AB034273-BFB7-4C65-A294-3DDE74D73FD3}
		{8664B9C3-B476-4BF6-A7B1-D90E8F9A79BC} = {D01A604C-D09B-44C7-90EB-D845184ED1A2}
		{ADDCCB27-7DF4-40F2-AFC7-344B300363B1} = {D50AA62B-BB8C-42D7-931D-67670AC5ADDE}
		{FC527D1E-AA07-411B-8BA6-881D213C2879} = {E5D4B72E-7F45-4DA5-813A-A16B2163259A}
	EndGlobalSection
EndGlobal
